
Microsoft Visual Studio Solution File, Format Version 12.00
# Visual Studio Version 17
VisualStudioVersion = 17.14.37111.16 d17.14
MinimumVisualStudioVersion = 10.0.40219.1
Project("{FAE04EC0-301F-11D3-BF4B-00C04F79EFBC}") = "BuilderPattern", "BuilderPattern\BuilderPattern.csproj", "{4604749A-5229-4D51-AA65-4604EB76C1EB}"
EndProject
Global
	GlobalSection(SolutionConfigurationPlatforms) = preSolution
		Debug|Any CPU = Debug|Any CPU
		Release|Any CPU = Release|Any CPU
	EndGlobalSection
	GlobalSection(ProjectConfigurationPlatforms) = postSolution
		{4604749A-5229-4D51-AA65-4604EB76C1EB}.Debug|Any CPU.ActiveCfg = Debug|Any CPU
		{4604749A-5229-4D51-AA65-4604EB76C1EB}.Debug|Any CPU.Build.0 = Debug|Any CPU
		{4604749A-5229-4D51-AA65-4604EB76C1EB}.Release|Any CPU.ActiveCfg = Release|Any CPU
		{4604749A-5229-4D51-AA65-4604EB76C1EB}.Release|Any CPU.Build.0 = Release|Any CPU
	EndGlobalSection
	GlobalSection(SolutionProperties) = preSolution
		HideSolutionNode = FALSE
	EndGlobalSection
	GlobalSection(ExtensibilityGlobals) = postSolution
		SolutionGuid = {072804EC-8520-44C0-9DF4-81A36C627FAD}
	EndGlobalSection
EndGlobal
